{
  "name": "Portfolio-Website-V3",
  "lockfileVersion": 3,
  "requires": true,
  "packages": {
    "": {
      "devDependencies": {
        "tailwindcss-pattern": "^0.1.0"
      }
    },
    "node_modules/tailwindcss": {
      "version": "4.1.12",
      "resolved": "https://registry.npmjs.org/tailwindcss/-/tailwindcss-4.1.12.tgz",
      "integrity": "sha512-DzFtxOi+7NsFf7DBtI3BJsynR+0Yp6etH+nRPTbpWnS2pZBaSksv/JGctNwSWzbFjp0vxSqknaUylseZqMDGrA==",
      "dev": true,
      "license": "MIT",
      "peer": true
    },
    "node_modules/tailwindcss-pattern": {
      "version": "0.1.0",
      "resolved": "https://registry.npmjs.org/tailwindcss-pattern/-/tailwindcss-pattern-0.1.0.tgz",
      "integrity": "sha512-5qmdt/USasaDMd/HdjMQOMpsQRa7PL2+1Q5Z0i06M0qyoSh7g5R0ru9FMbHgxv4l+RDZNjvi/0Uio6JOcnEkQQ==",
      "dev": true,
      "license": "MIT",
      "peerDependencies": {
        "tailwindcss": ">=3.0.0 || >= 3.0.0-alpha.1"
      }
    }
  }
}
